
Microsoft Visual Studio Solution File, Format Version 12.00
# Visual Studio 15
VisualStudioVersion = 15.0.28307.136
MinimumVisualStudioVersion = 10.0.40219.1
Project("{FAE04EC0-301F-11D3-BF4B-00C04F79EFBC}") = "ProjectTedu", "ProjectTedu\ProjectTedu.csproj", "{72D214A5-30DA-4B58-9A24-186CF4005DFD}"
EndProject
Global
	GlobalSection(SolutionConfigurationPlatforms) = preSolution
		Debug|Any CPU = Debug|Any CPU
		Release|Any CPU = Release|Any CPU
	EndGlobalSection
	GlobalSection(ProjectConfigurationPlatforms) = postSolution
		{72D214A5-30DA-4B58-9A24-186CF4005DFD}.Debug|Any CPU.ActiveCfg = Debug|Any CPU
		{72D214A5-30DA-4B58-9A24-186CF4005DFD}.Debug|Any CPU.Build.0 = Debug|Any CPU
		{72D214A5-30DA-4B58-9A24-186CF4005DFD}.Release|Any CPU.ActiveCfg = Release|Any CPU
		{72D214A5-30DA-4B58-9A24-186CF4005DFD}.Release|Any CPU.Build.0 = Release|Any CPU
	EndGlobalSection
	GlobalSection(SolutionProperties) = preSolution
		HideSolutionNode = FALSE
	EndGlobalSection
	GlobalSection(ExtensibilityGlobals) = postSolution
		SolutionGuid = {E7EAED07-6A40-48A3-8645-0825312B7256}
	EndGlobalSection
EndGlobal
