
Microsoft Visual Studio Solution File, Format Version 12.00
# Visual Studio 15
VisualStudioVersion = 15.0.28307.136
MinimumVisualStudioVersion = 10.0.40219.1
Project("{9A19103F-16F7-4668-BE54-9A1E7A4F7556}") = "ProjectTedu", "ProjectTedu\ProjectTedu.csproj", "{72D214A5-30DA-4B58-9A24-186CF4005DFD}"
EndProject
Project("{9A19103F-16F7-4668-BE54-9A1E7A4F7556}") = "ProjectTedu.Infrastructure", "ProjectTedu.Infrastructure\ProjectTedu.Infrastructure.csproj", "{94732F65-036E-4911-B33A-A0D5E537FA8B}"
EndProject
Project("{9A19103F-16F7-4668-BE54-9A1E7A4F7556}") = "ProjectTedu.Data", "ProjectTedu.Data\ProjectTedu.Data.csproj", "{53F8CD9F-9498-4193-B719-A2E349C4365D}"
EndProject
Project("{9A19103F-16F7-4668-BE54-9A1E7A4F7556}") = "ProjectTedu.Application", "ProjectTedu.Application\ProjectTedu.Application.csproj", "{FC52B8D4-5311-48A3-BD14-894A7EC29CBF}"
EndProject
Project("{9A19103F-16F7-4668-BE54-9A1E7A4F7556}") = "ProjectTedu.Data.EF", "ProjectTedu.Data.EF\ProjectTedu.Data.EF.csproj", "{BD046854-E09F-4611-8646-A920118D82FC}"
EndProject
Project("{9A19103F-16F7-4668-BE54-9A1E7A4F7556}") = "ProjectTedu.Utilities", "ProjectTedu.Utilities\ProjectTedu.Utilities.csproj", "{418C3AFB-5CF3-4EDC-9181-BB23A7459525}"
EndProject
Project("{2150E333-8FDC-42A3-9474-1A3956D46DE8}") = "1-Presentation", "1-Presentation", "{5DB7441C-057D-4F3D-BA4F-976C8E355A5E}"
EndProject
Project("{2150E333-8FDC-42A3-9474-1A3956D46DE8}") = "2-Application", "2-Application", "{1111C9E7-9F04-44B7-9FE3-C31446682C91}"
EndProject
Project("{2150E333-8FDC-42A3-9474-1A3956D46DE8}") = "3-Domain", "3-Domain", "{0B487624-A1B9-4493-8DEC-F8BD97B7C80D}"
EndProject
Project("{2150E333-8FDC-42A3-9474-1A3956D46DE8}") = "4-Infrastructure", "4-Infrastructure", "{5AD041F4-AA92-47B2-BFB3-A10646A2E210}"
EndProject
Project("{2150E333-8FDC-42A3-9474-1A3956D46DE8}") = "Interfaces", "Interfaces", "{461F34BB-72D2-4DDF-9BB6-7AA2D6A6316F}"
EndProject
Project("{2150E333-8FDC-42A3-9474-1A3956D46DE8}") = "Implementations", "Implementations", "{1E76AED0-D627-4B03-86F2-23997E84B5AF}"
EndProject
Project("{2150E333-8FDC-42A3-9474-1A3956D46DE8}") = "ViewModels", "ViewModels", "{C9A658A5-7218-4571-AA14-988631C2EED4}"
EndProject
Project("{2150E333-8FDC-42A3-9474-1A3956D46DE8}") = "AutoMapper", "AutoMapper", "{BF141A8D-E1DA-4455-8E7B-3CEF8693C4E3}"
EndProject
Global
	GlobalSection(SolutionConfigurationPlatforms) = preSolution
		Debug|Any CPU = Debug|Any CPU
		Release|Any CPU = Release|Any CPU
	EndGlobalSection
	GlobalSection(ProjectConfigurationPlatforms) = postSolution
		{72D214A5-30DA-4B58-9A24-186CF4005DFD}.Debug|Any CPU.ActiveCfg = Debug|Any CPU
		{72D214A5-30DA-4B58-9A24-186CF4005DFD}.Debug|Any CPU.Build.0 = Debug|Any CPU
		{72D214A5-30DA-4B58-9A24-186CF4005DFD}.Release|Any CPU.ActiveCfg = Release|Any CPU
		{72D214A5-30DA-4B58-9A24-186CF4005DFD}.Release|Any CPU.Build.0 = Release|Any CPU
		{94732F65-036E-4911-B33A-A0D5E537FA8B}.Debug|Any CPU.ActiveCfg = Debug|Any CPU
		{94732F65-036E-4911-B33A-A0D5E537FA8B}.Debug|Any CPU.Build.0 = Debug|Any CPU
		{94732F65-036E-4911-B33A-A0D5E537FA8B}.Release|Any CPU.ActiveCfg = Release|Any CPU
		{94732F65-036E-4911-B33A-A0D5E537FA8B}.Release|Any CPU.Build.0 = Release|Any CPU
		{53F8CD9F-9498-4193-B719-A2E349C4365D}.Debug|Any CPU.ActiveCfg = Debug|Any CPU
		{53F8CD9F-9498-4193-B719-A2E349C4365D}.Debug|Any CPU.Build.0 = Debug|Any CPU
		{53F8CD9F-9498-4193-B719-A2E349C4365D}.Release|Any CPU.ActiveCfg = Release|Any CPU
		{53F8CD9F-9498-4193-B719-A2E349C4365D}.Release|Any CPU.Build.0 = Release|Any CPU
		{FC52B8D4-5311-48A3-BD14-894A7EC29CBF}.Debug|Any CPU.ActiveCfg = Debug|Any CPU
		{FC52B8D4-5311-48A3-BD14-894A7EC29CBF}.Debug|Any CPU.Build.0 = Debug|Any CPU
		{FC52B8D4-5311-48A3-BD14-894A7EC29CBF}.Release|Any CPU.ActiveCfg = Release|Any CPU
		{FC52B8D4-5311-48A3-BD14-894A7EC29CBF}.Release|Any CPU.Build.0 = Release|Any CPU
		{BD046854-E09F-4611-8646-A920118D82FC}.Debug|Any CPU.ActiveCfg = Debug|Any CPU
		{BD046854-E09F-4611-8646-A920118D82FC}.Debug|Any CPU.Build.0 = Debug|Any CPU
		{BD046854-E09F-4611-8646-A920118D82FC}.Release|Any CPU.ActiveCfg = Release|Any CPU
		{BD046854-E09F-4611-8646-A920118D82FC}.Release|Any CPU.Build.0 = Release|Any CPU
		{418C3AFB-5CF3-4EDC-9181-BB23A7459525}.Debug|Any CPU.ActiveCfg = Debug|Any CPU
		{418C3AFB-5CF3-4EDC-9181-BB23A7459525}.Debug|Any CPU.Build.0 = Debug|Any CPU
		{418C3AFB-5CF3-4EDC-9181-BB23A7459525}.Release|Any CPU.ActiveCfg = Release|Any CPU
		{418C3AFB-5CF3-4EDC-9181-BB23A7459525}.Release|Any CPU.Build.0 = Release|Any CPU
	EndGlobalSection
	GlobalSection(SolutionProperties) = preSolution
		HideSolutionNode = FALSE
	EndGlobalSection
	GlobalSection(NestedProjects) = preSolution
		{72D214A5-30DA-4B58-9A24-186CF4005DFD} = {5DB7441C-057D-4F3D-BA4F-976C8E355A5E}
		{94732F65-036E-4911-B33A-A0D5E537FA8B} = {5AD041F4-AA92-47B2-BFB3-A10646A2E210}
		{53F8CD9F-9498-4193-B719-A2E349C4365D} = {0B487624-A1B9-4493-8DEC-F8BD97B7C80D}
		{FC52B8D4-5311-48A3-BD14-894A7EC29CBF} = {1111C9E7-9F04-44B7-9FE3-C31446682C91}
		{BD046854-E09F-4611-8646-A920118D82FC} = {0B487624-A1B9-4493-8DEC-F8BD97B7C80D}
		{418C3AFB-5CF3-4EDC-9181-BB23A7459525} = {5AD041F4-AA92-47B2-BFB3-A10646A2E210}
		{461F34BB-72D2-4DDF-9BB6-7AA2D6A6316F} = {1111C9E7-9F04-44B7-9FE3-C31446682C91}
		{1E76AED0-D627-4B03-86F2-23997E84B5AF} = {1111C9E7-9F04-44B7-9FE3-C31446682C91}
		{C9A658A5-7218-4571-AA14-988631C2EED4} = {1111C9E7-9F04-44B7-9FE3-C31446682C91}
		{BF141A8D-E1DA-4455-8E7B-3CEF8693C4E3} = {1111C9E7-9F04-44B7-9FE3-C31446682C91}
	EndGlobalSection
	GlobalSection(ExtensibilityGlobals) = postSolution
		SolutionGuid = {E7EAED07-6A40-48A3-8645-0825312B7256}
	EndGlobalSection
EndGlobal
